Microsoft Visual Studio Solution File, Format Version 9.00
# Visual Studio 2005
Project("{8BC9CEB8-8B4A-11D0-8D11-00A0C91BC942}") = "0_Layer ========= Base =", "src\layer0_base\layer0.vcproj", "{D699521F-2319-4710-BCBC-0060FE403B42}"
EndProject
Project("{8BC9CEB8-8B4A-11D0-8D11-00A0C91BC942}") = "1_Layer ========= System =", "src\layer1_system\layer1.vcproj", "{BEB06BD3-8774-4788-A0C4-54E0CE858B47}"
EndProject
Project("{8BC9CEB8-8B4A-11D0-8D11-00A0C91BC942}") = "2_Layer ========= Support =", "src\layer2_support\layer2.vcproj", "{12DC14F2-65F0-4AFF-8C26-E87E65067FF8}"
EndProject
Project("{8BC9CEB8-8B4A-11D0-8D11-00A0C91BC942}") = "3_Layer ========= Algorithms =", "src\layer3_algorithms\layer3.vcproj", "{11D2952F-9015-4B39-B9B9-F9A626E2ED3B}"
EndProject
Project("{8BC9CEB8-8B4A-11D0-8D11-00A0C91BC942}") = "4_Layer ========= Editor =", "src\layer4_editor\layer4.vcproj", "{F052D2D6-71E9-45E4-A909-48C1E59C0F10}"
EndProject
Project("{8BC9CEB8-8B4A-11D0-8D11-00A0C91BC942}") = "000 String", "src\layer0_base\string\string.vcproj", "{6E18F309-744E-428D-BA5F-11103426FC35}"
EndProject
Project("{8BC9CEB8-8B4A-11D0-8D11-00A0C91BC942}") = "001 Math", "src\layer0_base\math\math.vcproj", "{A4267B2B-4143-4FD2-B90C-98E181AEE8CF}"
EndProject
Project("{8BC9CEB8-8B4A-11D0-8D11-00A0C91BC942}") = "002 Containers", "src\layer0_base\containers\containers.vcproj", "{3D5E66AE-3740-4255-B533-62837DFADFA7}"
EndProject
Project("{8BC9CEB8-8B4A-11D0-8D11-00A0C91BC942}") = "100 File System", "src\layer1_system\file_system\file_system.vcproj", "{396560B3-0F61-497C-9E25-83CA96178D8D}"
	ProjectSection(ProjectDependencies) = postProject
		{6E18F309-744E-428D-BA5F-11103426FC35} = {6E18F309-744E-428D-BA5F-11103426FC35}
		{3D5E66AE-3740-4255-B533-62837DFADFA7} = {3D5E66AE-3740-4255-B533-62837DFADFA7}
	EndProjectSection
EndProject
Project("{8BC9CEB8-8B4A-11D0-8D11-00A0C91BC942}") = "__Layer ========= Global =", "src\global\global.vcproj", "{42BB6571-6B8A-4735-8DD6-0550632D3658}"
EndProject
Project("{8BC9CEB8-8B4A-11D0-8D11-00A0C91BC942}") = "101 Randomizer", "src\layer1_system\randomizer\randomizer.vcproj", "{A61FA577-741F-4FB8-83B0-3D4311D0499D}"
EndProject
Project("{8BC9CEB8-8B4A-11D0-8D11-00A0C91BC942}") = "102 Timer", "src\layer1_system\timer\timer.vcproj", "{8C1A0AA1-B2A8-4EB5-8F1E-C02D72CCF2E2}"
	ProjectSection(ProjectDependencies) = postProject
		{3D5E66AE-3740-4255-B533-62837DFADFA7} = {3D5E66AE-3740-4255-B533-62837DFADFA7}
	EndProjectSection
EndProject
Project("{8BC9CEB8-8B4A-11D0-8D11-00A0C91BC942}") = "103 Log", "src\layer1_system\log\log.vcproj", "{D206392A-74F0-4702-B995-FFBE105C614D}"
	ProjectSection(ProjectDependencies) = postProject
		{6E18F309-744E-428D-BA5F-11103426FC35} = {6E18F309-744E-428D-BA5F-11103426FC35}
		{3D5E66AE-3740-4255-B533-62837DFADFA7} = {3D5E66AE-3740-4255-B533-62837DFADFA7}
	EndProjectSection
EndProject
Project("{8BC9CEB8-8B4A-11D0-8D11-00A0C91BC942}") = "104 Windows", "src\layer1_system\windows\windows.vcproj", "{BC03B540-2924-4DF2-8C01-376F00172465}"
EndProject
Project("{8BC9CEB8-8B4A-11D0-8D11-00A0C91BC942}") = "105 Input", "src\layer1_system\input\input.vcproj", "{96A924A8-B826-4C58-ACC8-53FCEC4711A5}"
	ProjectSection(ProjectDependencies) = postProject
		{D206392A-74F0-4702-B995-FFBE105C614D} = {D206392A-74F0-4702-B995-FFBE105C614D}
		{3D5E66AE-3740-4255-B533-62837DFADFA7} = {3D5E66AE-3740-4255-B533-62837DFADFA7}
	EndProjectSection
EndProject
Project("{8BC9CEB8-8B4A-11D0-8D11-00A0C91BC942}") = "200 Angel Script", "src\layer2_support\script\script.vcproj", "{5CF4F3CA-B49D-45C9-A253-E1027EBAD031}"
	ProjectSection(ProjectDependencies) = postProject
		{6E18F309-744E-428D-BA5F-11103426FC35} = {6E18F309-744E-428D-BA5F-11103426FC35}
		{3D5E66AE-3740-4255-B533-62837DFADFA7} = {3D5E66AE-3740-4255-B533-62837DFADFA7}
		{396560B3-0F61-497C-9E25-83CA96178D8D} = {396560B3-0F61-497C-9E25-83CA96178D8D}
	EndProjectSection
EndProject
Project("{8BC9CEB8-8B4A-11D0-8D11-00A0C91BC942}") = "202 Control", "src\layer2_support\control\control.vcproj", "{F6890F51-DC83-49D3-B8D2-0BB5628D8172}"
	ProjectSection(ProjectDependencies) = postProject
		{8C1A0AA1-B2A8-4EB5-8F1E-C02D72CCF2E2} = {8C1A0AA1-B2A8-4EB5-8F1E-C02D72CCF2E2}
		{96A924A8-B826-4C58-ACC8-53FCEC4711A5} = {96A924A8-B826-4C58-ACC8-53FCEC4711A5}
		{3D5E66AE-3740-4255-B533-62837DFADFA7} = {3D5E66AE-3740-4255-B533-62837DFADFA7}
	EndProjectSection
EndProject
Project("{8BC9CEB8-8B4A-11D0-8D11-00A0C91BC942}") = "108 Events", "src\layer1_system\events\events.vcproj", "{051ED83D-56B4-4594-8A9E-6102AE7C08CE}"
	ProjectSection(ProjectDependencies) = postProject
		{8C1A0AA1-B2A8-4EB5-8F1E-C02D72CCF2E2} = {8C1A0AA1-B2A8-4EB5-8F1E-C02D72CCF2E2}
		{3D5E66AE-3740-4255-B533-62837DFADFA7} = {3D5E66AE-3740-4255-B533-62837DFADFA7}
	EndProjectSection
EndProject
Project("{8BC9CEB8-8B4A-11D0-8D11-00A0C91BC942}") = "003 Callback", "src\layer0_base\callback\callback.vcproj", "{78CFA5E7-A475-4930-ADFD-D913F1186359}"
EndProject
Project("{8BC9CEB8-8B4A-11D0-8D11-00A0C91BC942}") = "110 Primitives 2d", "src\layer1_system\primitives_2d\primitives_2d.vcproj", "{C7B185D6-13FE-4E56-8DC1-C0715CA38C75}"
	ProjectSection(ProjectDependencies) = postProject
		{A4267B2B-4143-4FD2-B90C-98E181AEE8CF} = {A4267B2B-4143-4FD2-B90C-98E181AEE8CF}
	EndProjectSection
EndProject
Project("{8BC9CEB8-8B4A-11D0-8D11-00A0C91BC942}") = "111 Primitives 3d", "src\layer1_system\primitives_3d\primitives_3d.vcproj", "{3B4F4167-2088-495B-BAAF-CF78491ED59D}"
	ProjectSection(ProjectDependencies) = postProject
		{A4267B2B-4143-4FD2-B90C-98E181AEE8CF} = {A4267B2B-4143-4FD2-B90C-98E181AEE8CF}
	EndProjectSection
EndProject
Project("{8BC9CEB8-8B4A-11D0-8D11-00A0C91BC942}") = "004 Sequential_buffer", "src\layer0_base\sequential_buffer\sequential_buffer.vcproj", "{14933E9E-3114-47D3-B1ED-131AE77BEFFF}"
EndProject
Project("{8BC9CEB8-8B4A-11D0-8D11-00A0C91BC942}") = "112 Plug-in", "src\layer1_system\plug_in\plug_in.vcproj", "{7B887AE2-3A4D-4A1D-A992-31D11CBEDEC6}"
	ProjectSection(ProjectDependencies) = postProject
		{6E18F309-744E-428D-BA5F-11103426FC35} = {6E18F309-744E-428D-BA5F-11103426FC35}
		{3D5E66AE-3740-4255-B533-62837DFADFA7} = {3D5E66AE-3740-4255-B533-62837DFADFA7}
	EndProjectSection
EndProject
Project("{2150E333-8FDC-42A3-9474-1A3956D46DE8}") = "Docs", "Docs", "{F11495CB-6493-4ADA-9189-88E79E44C978}"
	ProjectSection(SolutionItems) = preProject
		doc\Coding_style.txt = doc\Coding_style.txt
		doc\Components.txt = doc\Components.txt
		doc\Credits.txt = doc\Credits.txt
		doc\Error_functions.txt = doc\Error_functions.txt
		doc\Goals.txt = doc\Goals.txt
		doc\ideas_axe.txt = doc\ideas_axe.txt
		doc\License.txt = doc\License.txt
		doc\Readme.txt = doc\Readme.txt
		doc\Roadmap.txt = doc\Roadmap.txt
		doc\TODO.txt = doc\TODO.txt
	EndProjectSection
EndProject
Project("{8BC9CEB8-8B4A-11D0-8D11-00A0C91BC942}") = "005 Smart Pointer", "src\layer0_base\smart_pointer\smart_pointer.vcproj", "{FFFB88D2-904B-4B2F-98CE-1EB9DD499B46}"
EndProject
Project("{8BC9CEB8-8B4A-11D0-8D11-00A0C91BC942}") = "400 Engine", "src\layer4_editor\engine\engine.vcproj", "{332EB4F6-7E67-486D-AFDF-578C9DB8D605}"
	ProjectSection(ProjectDependencies) = postProject
		{396560B3-0F61-497C-9E25-83CA96178D8D} = {396560B3-0F61-497C-9E25-83CA96178D8D}
		{96A924A8-B826-4C58-ACC8-53FCEC4711A5} = {96A924A8-B826-4C58-ACC8-53FCEC4711A5}
		{8C1A0AA1-B2A8-4EB5-8F1E-C02D72CCF2E2} = {8C1A0AA1-B2A8-4EB5-8F1E-C02D72CCF2E2}
		{BC03B540-2924-4DF2-8C01-376F00172465} = {BC03B540-2924-4DF2-8C01-376F00172465}
		{A4267B2B-4143-4FD2-B90C-98E181AEE8CF} = {A4267B2B-4143-4FD2-B90C-98E181AEE8CF}
		{D206392A-74F0-4702-B995-FFBE105C614D} = {D206392A-74F0-4702-B995-FFBE105C614D}
		{6E18F309-744E-428D-BA5F-11103426FC35} = {6E18F309-744E-428D-BA5F-11103426FC35}
		{F6890F51-DC83-49D3-B8D2-0BB5628D8172} = {F6890F51-DC83-49D3-B8D2-0BB5628D8172}
		{BB8FAF4A-7C06-4B6B-A7AE-00BC95B6D883} = {BB8FAF4A-7C06-4B6B-A7AE-00BC95B6D883}
	EndProjectSection
EndProject
Project("{8BC9CEB8-8B4A-11D0-8D11-00A0C91BC942}") = "113 Raster gl", "src\layer1_system\raster_gl\raster.vcproj", "{BB8FAF4A-7C06-4B6B-A7AE-00BC95B6D883}"
EndProject
Project("{8BC9CEB8-8B4A-11D0-8D11-00A0C91BC942}") = "114 M2 loader", "src\layer1_system\m2_loader\m2_loader.vcproj", "{0EE6BE11-8339-49F0-9335-25796279FE67}"
EndProject
Project("{8BC9CEB8-8B4A-11D0-8D11-00A0C91BC942}") = "201 Sql", "src\layer2_support\sql\sql.vcproj", "{154688D2-2C55-4A4A-95A5-60EB27F8A783}"
EndProject
Project("{8BC9CEB8-8B4A-11D0-8D11-00A0C91BC942}") = "203 Python", "src\layer2_support\python\python.vcproj", "{BE824B51-7724-4BFF-97C1-A1FF02359BDF}"
	ProjectSection(ProjectDependencies) = postProject
		{3D5E66AE-3740-4255-B533-62837DFADFA7} = {3D5E66AE-3740-4255-B533-62837DFADFA7}
	EndProjectSection
EndProject
Global
	GlobalSection(SolutionConfigurationPlatforms) = preSolution
		Debug|Win32 = Debug|Win32
		Release|Win32 = Release|Win32
	EndGlobalSection
	GlobalSection(ProjectConfigurationPlatforms) = postSolution
		{D699521F-2319-4710-BCBC-0060FE403B42}.Debug|Win32.ActiveCfg = Debug|Win32
		{D699521F-2319-4710-BCBC-0060FE403B42}.Release|Win32.ActiveCfg = Release|Win32
		{BEB06BD3-8774-4788-A0C4-54E0CE858B47}.Debug|Win32.ActiveCfg = Debug|Win32
		{BEB06BD3-8774-4788-A0C4-54E0CE858B47}.Release|Win32.ActiveCfg = Release|Win32
		{12DC14F2-65F0-4AFF-8C26-E87E65067FF8}.Debug|Win32.ActiveCfg = Debug|Win32
		{12DC14F2-65F0-4AFF-8C26-E87E65067FF8}.Release|Win32.ActiveCfg = Release|Win32
		{11D2952F-9015-4B39-B9B9-F9A626E2ED3B}.Debug|Win32.ActiveCfg = Debug|Win32
		{11D2952F-9015-4B39-B9B9-F9A626E2ED3B}.Release|Win32.ActiveCfg = Release|Win32
		{F052D2D6-71E9-45E4-A909-48C1E59C0F10}.Debug|Win32.ActiveCfg = Debug|Win32
		{F052D2D6-71E9-45E4-A909-48C1E59C0F10}.Release|Win32.ActiveCfg = Release|Win32
		{6E18F309-744E-428D-BA5F-11103426FC35}.Debug|Win32.ActiveCfg = Debug|Win32
		{6E18F309-744E-428D-BA5F-11103426FC35}.Debug|Win32.Build.0 = Debug|Win32
		{6E18F309-744E-428D-BA5F-11103426FC35}.Release|Win32.ActiveCfg = Release|Win32
		{6E18F309-744E-428D-BA5F-11103426FC35}.Release|Win32.Build.0 = Release|Win32
		{A4267B2B-4143-4FD2-B90C-98E181AEE8CF}.Debug|Win32.ActiveCfg = Debug|Win32
		{A4267B2B-4143-4FD2-B90C-98E181AEE8CF}.Debug|Win32.Build.0 = Debug|Win32
		{A4267B2B-4143-4FD2-B90C-98E181AEE8CF}.Release|Win32.ActiveCfg = Release|Win32
		{A4267B2B-4143-4FD2-B90C-98E181AEE8CF}.Release|Win32.Build.0 = Release|Win32
		{3D5E66AE-3740-4255-B533-62837DFADFA7}.Debug|Win32.ActiveCfg = Debug|Win32
		{3D5E66AE-3740-4255-B533-62837DFADFA7}.Debug|Win32.Build.0 = Debug|Win32
		{3D5E66AE-3740-4255-B533-62837DFADFA7}.Release|Win32.ActiveCfg = Release|Win32
		{3D5E66AE-3740-4255-B533-62837DFADFA7}.Release|Win32.Build.0 = Release|Win32
		{396560B3-0F61-497C-9E25-83CA96178D8D}.Debug|Win32.ActiveCfg = Debug|Win32
		{396560B3-0F61-497C-9E25-83CA96178D8D}.Debug|Win32.Build.0 = Debug|Win32
		{396560B3-0F61-497C-9E25-83CA96178D8D}.Release|Win32.ActiveCfg = Release|Win32
		{396560B3-0F61-497C-9E25-83CA96178D8D}.Release|Win32.Build.0 = Release|Win32
		{42BB6571-6B8A-4735-8DD6-0550632D3658}.Debug|Win32.ActiveCfg = Debug|Win32
		{42BB6571-6B8A-4735-8DD6-0550632D3658}.Release|Win32.ActiveCfg = Release|Win32
		{A61FA577-741F-4FB8-83B0-3D4311D0499D}.Debug|Win32.ActiveCfg = Debug|Win32
		{A61FA577-741F-4FB8-83B0-3D4311D0499D}.Debug|Win32.Build.0 = Debug|Win32
		{A61FA577-741F-4FB8-83B0-3D4311D0499D}.Release|Win32.ActiveCfg = Release|Win32
		{A61FA577-741F-4FB8-83B0-3D4311D0499D}.Release|Win32.Build.0 = Release|Win32
		{8C1A0AA1-B2A8-4EB5-8F1E-C02D72CCF2E2}.Debug|Win32.ActiveCfg = Debug|Win32
		{8C1A0AA1-B2A8-4EB5-8F1E-C02D72CCF2E2}.Debug|Win32.Build.0 = Debug|Win32
		{8C1A0AA1-B2A8-4EB5-8F1E-C02D72CCF2E2}.Release|Win32.ActiveCfg = Release|Win32
		{8C1A0AA1-B2A8-4EB5-8F1E-C02D72CCF2E2}.Release|Win32.Build.0 = Release|Win32
		{D206392A-74F0-4702-B995-FFBE105C614D}.Debug|Win32.ActiveCfg = Debug|Win32
		{D206392A-74F0-4702-B995-FFBE105C614D}.Debug|Win32.Build.0 = Debug|Win32
		{D206392A-74F0-4702-B995-FFBE105C614D}.Release|Win32.ActiveCfg = Release|Win32
		{D206392A-74F0-4702-B995-FFBE105C614D}.Release|Win32.Build.0 = Release|Win32
		{BC03B540-2924-4DF2-8C01-376F00172465}.Debug|Win32.ActiveCfg = Debug|Win32
		{BC03B540-2924-4DF2-8C01-376F00172465}.Debug|Win32.Build.0 = Debug|Win32
		{BC03B540-2924-4DF2-8C01-376F00172465}.Release|Win32.ActiveCfg = Release|Win32
		{BC03B540-2924-4DF2-8C01-376F00172465}.Release|Win32.Build.0 = Release|Win32
		{96A924A8-B826-4C58-ACC8-53FCEC4711A5}.Debug|Win32.ActiveCfg = Debug|Win32
		{96A924A8-B826-4C58-ACC8-53FCEC4711A5}.Debug|Win32.Build.0 = Debug|Win32
		{96A924A8-B826-4C58-ACC8-53FCEC4711A5}.Release|Win32.ActiveCfg = Release|Win32
		{96A924A8-B826-4C58-ACC8-53FCEC4711A5}.Release|Win32.Build.0 = Release|Win32
		{5CF4F3CA-B49D-45C9-A253-E1027EBAD031}.Debug|Win32.ActiveCfg = Debug|Win32
		{5CF4F3CA-B49D-45C9-A253-E1027EBAD031}.Debug|Win32.Build.0 = Debug|Win32
		{5CF4F3CA-B49D-45C9-A253-E1027EBAD031}.Release|Win32.ActiveCfg = Release|Win32
		{5CF4F3CA-B49D-45C9-A253-E1027EBAD031}.Release|Win32.Build.0 = Release|Win32
		{F6890F51-DC83-49D3-B8D2-0BB5628D8172}.Debug|Win32.ActiveCfg = Debug|Win32
		{F6890F51-DC83-49D3-B8D2-0BB5628D8172}.Debug|Win32.Build.0 = Debug|Win32
		{F6890F51-DC83-49D3-B8D2-0BB5628D8172}.Release|Win32.ActiveCfg = Release|Win32
		{F6890F51-DC83-49D3-B8D2-0BB5628D8172}.Release|Win32.Build.0 = Release|Win32
		{051ED83D-56B4-4594-8A9E-6102AE7C08CE}.Debug|Win32.ActiveCfg = Debug|Win32
		{051ED83D-56B4-4594-8A9E-6102AE7C08CE}.Debug|Win32.Build.0 = Debug|Win32
		{051ED83D-56B4-4594-8A9E-6102AE7C08CE}.Release|Win32.ActiveCfg = Release|Win32
		{051ED83D-56B4-4594-8A9E-6102AE7C08CE}.Release|Win32.Build.0 = Release|Win32
		{78CFA5E7-A475-4930-ADFD-D913F1186359}.Debug|Win32.ActiveCfg = Debug|Win32
		{78CFA5E7-A475-4930-ADFD-D913F1186359}.Debug|Win32.Build.0 = Debug|Win32
		{78CFA5E7-A475-4930-ADFD-D913F1186359}.Release|Win32.ActiveCfg = Release|Win32
		{78CFA5E7-A475-4930-ADFD-D913F1186359}.Release|Win32.Build.0 = Release|Win32
		{C7B185D6-13FE-4E56-8DC1-C0715CA38C75}.Debug|Win32.ActiveCfg = Debug|Win32
		{C7B185D6-13FE-4E56-8DC1-C0715CA38C75}.Debug|Win32.Build.0 = Debug|Win32
		{C7B185D6-13FE-4E56-8DC1-C0715CA38C75}.Release|Win32.ActiveCfg = Release|Win32
		{C7B185D6-13FE-4E56-8DC1-C0715CA38C75}.Release|Win32.Build.0 = Release|Win32
		{3B4F4167-2088-495B-BAAF-CF78491ED59D}.Debug|Win32.ActiveCfg = Debug|Win32
		{3B4F4167-2088-495B-BAAF-CF78491ED59D}.Debug|Win32.Build.0 = Debug|Win32
		{3B4F4167-2088-495B-BAAF-CF78491ED59D}.Release|Win32.ActiveCfg = Release|Win32
		{3B4F4167-2088-495B-BAAF-CF78491ED59D}.Release|Win32.Build.0 = Release|Win32
		{14933E9E-3114-47D3-B1ED-131AE77BEFFF}.Debug|Win32.ActiveCfg = Debug|Win32
		{14933E9E-3114-47D3-B1ED-131AE77BEFFF}.Debug|Win32.Build.0 = Debug|Win32
		{14933E9E-3114-47D3-B1ED-131AE77BEFFF}.Release|Win32.ActiveCfg = Release|Win32
		{14933E9E-3114-47D3-B1ED-131AE77BEFFF}.Release|Win32.Build.0 = Release|Win32
		{7B887AE2-3A4D-4A1D-A992-31D11CBEDEC6}.Debug|Win32.ActiveCfg = Debug|Win32
		{7B887AE2-3A4D-4A1D-A992-31D11CBEDEC6}.Debug|Win32.Build.0 = Debug|Win32
		{7B887AE2-3A4D-4A1D-A992-31D11CBEDEC6}.Release|Win32.ActiveCfg = Release|Win32
		{7B887AE2-3A4D-4A1D-A992-31D11CBEDEC6}.Release|Win32.Build.0 = Release|Win32
		{FFFB88D2-904B-4B2F-98CE-1EB9DD499B46}.Debug|Win32.ActiveCfg = Debug|Win32
		{FFFB88D2-904B-4B2F-98CE-1EB9DD499B46}.Debug|Win32.Build.0 = Debug|Win32
		{FFFB88D2-904B-4B2F-98CE-1EB9DD499B46}.Release|Win32.ActiveCfg = Release|Win32
		{FFFB88D2-904B-4B2F-98CE-1EB9DD499B46}.Release|Win32.Build.0 = Release|Win32
		{332EB4F6-7E67-486D-AFDF-578C9DB8D605}.Debug|Win32.ActiveCfg = Debug|Win32
		{332EB4F6-7E67-486D-AFDF-578C9DB8D605}.Debug|Win32.Build.0 = Debug|Win32
		{332EB4F6-7E67-486D-AFDF-578C9DB8D605}.Release|Win32.ActiveCfg = Release|Win32
		{332EB4F6-7E67-486D-AFDF-578C9DB8D605}.Release|Win32.Build.0 = Release|Win32
		{BB8FAF4A-7C06-4B6B-A7AE-00BC95B6D883}.Debug|Win32.ActiveCfg = Debug|Win32
		{BB8FAF4A-7C06-4B6B-A7AE-00BC95B6D883}.Debug|Win32.Build.0 = Debug|Win32
		{BB8FAF4A-7C06-4B6B-A7AE-00BC95B6D883}.Release|Win32.ActiveCfg = Release|Win32
		{BB8FAF4A-7C06-4B6B-A7AE-00BC95B6D883}.Release|Win32.Build.0 = Release|Win32
		{0EE6BE11-8339-49F0-9335-25796279FE67}.Debug|Win32.ActiveCfg = Debug|Win32
		{0EE6BE11-8339-49F0-9335-25796279FE67}.Debug|Win32.Build.0 = Debug|Win32
		{0EE6BE11-8339-49F0-9335-25796279FE67}.Release|Win32.ActiveCfg = Release|Win32
		{0EE6BE11-8339-49F0-9335-25796279FE67}.Release|Win32.Build.0 = Release|Win32
		{154688D2-2C55-4A4A-95A5-60EB27F8A783}.Debug|Win32.ActiveCfg = Debug|Win32
		{154688D2-2C55-4A4A-95A5-60EB27F8A783}.Debug|Win32.Build.0 = Debug|Win32
		{154688D2-2C55-4A4A-95A5-60EB27F8A783}.Release|Win32.ActiveCfg = Release|Win32
		{154688D2-2C55-4A4A-95A5-60EB27F8A783}.Release|Win32.Build.0 = Release|Win32
		{BE824B51-7724-4BFF-97C1-A1FF02359BDF}.Debug|Win32.ActiveCfg = Debug|Win32
		{BE824B51-7724-4BFF-97C1-A1FF02359BDF}.Debug|Win32.Build.0 = Debug|Win32
		{BE824B51-7724-4BFF-97C1-A1FF02359BDF}.Release|Win32.ActiveCfg = Release|Win32
		{BE824B51-7724-4BFF-97C1-A1FF02359BDF}.Release|Win32.Build.0 = Release|Win32
	EndGlobalSection
	GlobalSection(SolutionProperties) = preSolution
		HideSolutionNode = FALSE
	EndGlobalSection
EndGlobal
